
Microsoft Visual Studio Solution File, Format Version 12.00
# Visual Studio Version 16
VisualStudioVersion = 16.0.29926.136
MinimumVisualStudioVersion = 10.0.40219.1
Project("{FAE04EC0-301F-11D3-BF4B-00C04F79EFBC}") = "MatchGame", "MatchGame.csproj", "{CA3A517A-1627-409F-86A5-6E94904E7F3A}"
EndProject
Global
	GlobalSection(SolutionConfigurationPlatforms) = preSolution
		Debug|Any CPU = Debug|Any CPU
		Release|Any CPU = Release|Any CPU
	EndGlobalSection
	GlobalSection(ProjectConfigurationPlatforms) = postSolution
		{CA3A517A-1627-409F-86A5-6E94904E7F3A}.Debug|Any CPU.ActiveCfg = Debug|Any CPU
		{CA3A517A-1627-409F-86A5-6E94904E7F3A}.Debug|Any CPU.Build.0 = Debug|Any CPU
		{CA3A517A-1627-409F-86A5-6E94904E7F3A}.Release|Any CPU.ActiveCfg = Release|Any CPU
		{CA3A517A-1627-409F-86A5-6E94904E7F3A}.Release|Any CPU.Build.0 = Release|Any CPU
	EndGlobalSection
	GlobalSection(SolutionProperties) = preSolution
		HideSolutionNode = FALSE
	EndGlobalSection
	GlobalSection(ExtensibilityGlobals) = postSolution
		SolutionGuid = {3E56BF12-EEE4-406E-8E10-00EA08B9F914}
	EndGlobalSection
EndGlobal
